<?xml version="1.0" encoding="utf-8"?>
<Project ToolsVersion="4.0" xmlns="http://schemas.microsoft.com/developer/msbuild/2003">
  <ItemGroup>
    <Filter Include="Source Files">
      <UniqueIdentifier>{4FC737F1-C7A5-4376-A066-2A32D752A2FF}</UniqueIdentifier>
      <Extensions>cpp;c;cc;cxx;def;odl;idl;hpj;bat;asm;asmx</Extensions>
    </Filter>
    <Filter Include="Header Files">
      <UniqueIdentifier>{93995380-89BD-4b04-88EB-625FBE52EBFB}</UniqueIdentifier>
      <Extensions>h;hpp;hxx;hm;inl;inc;xsd</Extensions>
    </Filter>
    <Filter Include="Resource Files">
      <UniqueIdentifier>{67DA6AB6-F800-4c08-8B7A-83BB121AAD01}</UniqueIdentifier>
      <Extensions>rc;ico;cur;bmp;dlg;rc2;rct;bin;rgs;gif;jpg;jpeg;jpe;resx;tiff;tif;png;wav;mfcribbon-ms</Extensions>
    </Filter>
    <Filter Include="Link Libraries">
      <UniqueIdentifier>{23064a78-3bcb-49ae-8c90-ed419518885d}</UniqueIdentifier>
    </Filter>
    <Filter Include="Shared">
      <UniqueIdentifier>{8cca1fa3-575c-4e0f-acae-7d4d800be358}</UniqueIdentifier>
    </Filter>
    <Filter Include="Interactions &amp; Behaviors">
      <UniqueIdentifier>{a648110f-33f3-41d8-9287-a6d1c45ee366}</UniqueIdentifier>
    </Filter>
    <Filter Include="Shaders">
      <UniqueIdentifier>{9f399a18-8975-4a7b-b4a4-60e740fc18d5}</UniqueIdentifier>
    </Filter>
    <Filter Include="Interactions &amp; Behaviors\demo">
      <UniqueIdentifier>{4429e54a-d5a5-4aeb-88c6-d41634b16d94}</UniqueIdentifier>
    </Filter>
    <Filter Include="Interactions &amp; Behaviors\tutorial">
      <UniqueIdentifier>{ecf261b2-dc4e-413a-827f-80db2a92db12}</UniqueIdentifier>
    </Filter>
    <Filter Include="Interactions &amp; Behaviors\base">
      <UniqueIdentifier>{34797330-c76f-49ac-a999-82bc7fb54fb7}</UniqueIdentifier>
    </Filter>
    <Filter Include="Interactions &amp; Behaviors\point">
      <UniqueIdentifier>{8d9c4c9c-2b57-4195-9955-030b7ec25c39}</UniqueIdentifier>
    </Filter>
    <Filter Include="Interactions &amp; Behaviors\flow">
      <UniqueIdentifier>{f6399f2b-5859-4e29-88b7-58258f3182d1}</UniqueIdentifier>
    </Filter>
    <Filter Include="Interactions &amp; Behaviors\study">
      <UniqueIdentifier>{47902574-bc59-450d-ad59-56a96a985500}</UniqueIdentifier>
    </Filter>
    <Filter Include="Scenes">
      <UniqueIdentifier>{58eecb11-6eaa-4b60-b285-002b919d4327}</UniqueIdentifier>
    </Filter>
    <Filter Include="Interactions &amp; Behaviors\debug">
      <UniqueIdentifier>{96b18b3b-f79e-4ca4-ba66-85109f5e6413}</UniqueIdentifier>
    </Filter>
  </ItemGroup>
  <ItemGroup>
    <ClCompile Include="..\shared\lodepng.cpp">
      <Filter>Shared</Filter>
    </ClCompile>
    <ClCompile Include="..\shared\pathtools.cpp">
      <Filter>Shared</Filter>
    </ClCompile>
    <ClCompile Include="HolodeckBackground.cpp">
      <Filter>Source Files</Filter>
    </ClCompile>
    <ClCompile Include="ViveController.cpp">
      <Filter>Source Files</Filter>
    </ClCompile>
    <ClCompile Include="SonarPointCloud.cpp">
      <Filter>Source Files</Filter>
    </ClCompile>
    <ClCompile Include="DataVolume.cpp">
      <Filter>Source Files</Filter>
    </ClCompile>
    <ClCompile Include="ColorScaler.cpp">
      <Filter>Source Files</Filter>
    </ClCompile>
    <ClCompile Include="TrackedDevice.cpp">
      <Filter>Source Files</Filter>
    </ClCompile>
    <ClCompile Include="TrackedDeviceManager.cpp">
      <Filter>Source Files</Filter>
    </ClCompile>
    <ClCompile Include="InfoBoxManager.cpp">
      <Filter>Source Files</Filter>
    </ClCompile>
    <ClCompile Include="arcball.cpp">
      <Filter>Source Files</Filter>
    </ClCompile>
    <ClCompile Include="FlowGrid.cpp">
      <Filter>Source Files</Filter>
    </ClCompile>
    <ClCompile Include="IllustrativeDyePole.cpp">
      <Filter>Source Files</Filter>
    </ClCompile>
    <ClCompile Include="IllustrativeParticle.cpp">
      <Filter>Source Files</Filter>
    </ClCompile>
    <ClCompile Include="IllustrativeParticleEmitter.cpp">
      <Filter>Source Files</Filter>
    </ClCompile>
    <ClCompile Include="IllustrativeParticleSystem.cpp">
      <Filter>Source Files</Filter>
    </ClCompile>
    <ClCompile Include="LightingSystem.cpp">
      <Filter>Source Files</Filter>
    </ClCompile>
    <ClCompile Include="Renderer.cpp">
      <Filter>Source Files</Filter>
    </ClCompile>
    <ClCompile Include="main.cpp">
      <Filter>Source Files</Filter>
    </ClCompile>
    <ClCompile Include="FlowVolume.cpp">
      <Filter>Source Files</Filter>
    </ClCompile>
    <ClCompile Include="shaderset.cpp">
      <Filter>Source Files</Filter>
    </ClCompile>
    <ClCompile Include="RenderModel.cpp">
      <Filter>Source Files</Filter>
    </ClCompile>
    <ClCompile Include="BehaviorManager.cpp">
      <Filter>Source Files</Filter>
    </ClCompile>
    <ClCompile Include="Dataset.cpp">
      <Filter>Source Files</Filter>
    </ClCompile>
    <ClCompile Include="SelectAreaBehavior.cpp">
      <Filter>Interactions &amp; Behaviors</Filter>
    </ClCompile>
    <ClCompile Include="WelcomeBehavior.cpp">
      <Filter>Interactions &amp; Behaviors</Filter>
    </ClCompile>
    <ClCompile Include="DemoBehavior.cpp">
      <Filter>Interactions &amp; Behaviors\demo</Filter>
    </ClCompile>
    <ClCompile Include="ProbeBehavior.cpp">
      <Filter>Interactions &amp; Behaviors\base</Filter>
    </ClCompile>
    <ClCompile Include="FlowProbe.cpp">
      <Filter>Interactions &amp; Behaviors\flow</Filter>
    </ClCompile>
    <ClCompile Include="AdvectionProbe.cpp">
      <Filter>Interactions &amp; Behaviors\flow</Filter>
    </ClCompile>
    <ClCompile Include="PointCleanProbe.cpp">
      <Filter>Interactions &amp; Behaviors\point</Filter>
    </ClCompile>
    <ClCompile Include="ScaleDataVolumeBehavior.cpp">
      <Filter>Interactions &amp; Behaviors</Filter>
    </ClCompile>
    <ClCompile Include="TaskCompleteBehavior.cpp">
      <Filter>Interactions &amp; Behaviors\tutorial</Filter>
    </ClCompile>
    <ClCompile Include="GrabTutorial.cpp">
      <Filter>Interactions &amp; Behaviors\tutorial</Filter>
    </ClCompile>
    <ClCompile Include="ScaleTutorial.cpp">
      <Filter>Interactions &amp; Behaviors\tutorial</Filter>
    </ClCompile>
    <ClCompile Include="StudyTutorialBehavior.cpp">
      <Filter>Interactions &amp; Behaviors\study</Filter>
    </ClCompile>
    <ClCompile Include="StudyIntroBehavior.cpp">
      <Filter>Interactions &amp; Behaviors\study</Filter>
    </ClCompile>
    <ClCompile Include="CloudEditControllerTutorial.cpp">
      <Filter>Interactions &amp; Behaviors\point</Filter>
    </ClCompile>
    <ClCompile Include="StudyEditTutorial.cpp">
      <Filter>Interactions &amp; Behaviors\study</Filter>
    </ClCompile>
    <ClCompile Include="CurateStudyDataBehavior.cpp">
      <Filter>Interactions &amp; Behaviors\study</Filter>
    </ClCompile>
    <ClCompile Include="RunStudyBehavior.cpp">
      <Filter>Interactions &amp; Behaviors\study</Filter>
    </ClCompile>
    <ClCompile Include="DataLogger.cpp">
      <Filter>Source Files</Filter>
    </ClCompile>
    <ClCompile Include="SnellenTest.cpp">
      <Filter>Interactions &amp; Behaviors\study</Filter>
    </ClCompile>
    <ClCompile Include="StudyTrialStandingBehavior.cpp">
      <Filter>Interactions &amp; Behaviors\study</Filter>
    </ClCompile>
    <ClCompile Include="DesktopCleanBehavior.cpp">
      <Filter>Interactions &amp; Behaviors\point</Filter>
    </ClCompile>
    <ClCompile Include="StudyTrialSittingBehavior.cpp">
      <Filter>Interactions &amp; Behaviors\study</Filter>
    </ClCompile>
    <ClCompile Include="StudyTrialDesktopBehavior.cpp">
      <Filter>Interactions &amp; Behaviors\study</Filter>
    </ClCompile>
    <ClCompile Include="LassoTool.cpp">
      <Filter>Interactions &amp; Behaviors\point</Filter>
    </ClCompile>
    <ClCompile Include="Engine.cpp">
      <Filter>Source Files</Filter>
    </ClCompile>
    <ClCompile Include="utilities.cpp">
      <Filter>Source Files</Filter>
    </ClCompile>
    <ClCompile Include="FlowFieldCurator.cpp">
      <Filter>Interactions &amp; Behaviors\flow</Filter>
    </ClCompile>
    <ClCompile Include="FlowScene.cpp">
      <Filter>Scenes</Filter>
    </ClCompile>
    <ClCompile Include="HairyFlowProbe.cpp">
      <Filter>Interactions &amp; Behaviors\flow</Filter>
    </ClCompile>
    <ClCompile Include="DebugProbe.cpp">
      <Filter>Interactions &amp; Behaviors\debug</Filter>
    </ClCompile>
    <ClCompile Include="Object3D.cpp">
      <Filter>Source Files</Filter>
    </ClCompile>
    <ClCompile Include="GrabObjectBehavior.cpp">
      <Filter>Interactions &amp; Behaviors</Filter>
    </ClCompile>
    <ClCompile Include="SonarScene.cpp">
      <Filter>Scenes</Filter>
    </ClCompile>
    <ClCompile Include="VectorFieldGenerator.cpp">
      <Filter>Source Files</Filter>
    </ClCompile>
    <ClCompile Include="StudyTrialScene.cpp">
      <Filter>Scenes</Filter>
    </ClCompile>
    <ClCompile Include="PrimitivesFactory.cpp">
      <Filter>Source Files</Filter>
    </ClCompile>
    <ClCompile Include="MotionCompensationScene.cpp">
      <Filter>Scenes</Filter>
    </ClCompile>
    <ClCompile Include="StudyTrialMotionCompensation.cpp">
      <Filter>Interactions &amp; Behaviors\study</Filter>
    </ClCompile>
    <ClCompile Include="CosmoStudyTrialScene.cpp">
      <Filter>Scenes</Filter>
    </ClCompile>
    <ClCompile Include="CosmoVolume.cpp">
      <Filter>Source Files</Filter>
    </ClCompile>
    <ClCompile Include="CosmoGrid.cpp">
      <Filter>Source Files</Filter>
    </ClCompile>
    <ClCompile Include="FishTankScene.cpp">
      <Filter>Scenes</Filter>
    </ClCompile>
    <ClCompile Include="FishTankSonarScene.cpp">
      <Filter>Scenes</Filter>
    </ClCompile>
    <ClCompile Include="HairySlice.cpp">
      <Filter>Interactions &amp; Behaviors\flow</Filter>
    </ClCompile>
    <ClCompile Include="HairySlicesStudyScene.cpp">
      <Filter>Scenes</Filter>
    </ClCompile>
    <ClCompile Include="HairyVolume.cpp">
      <Filter>Interactions &amp; Behaviors\flow</Filter>
    </ClCompile>
  </ItemGroup>
  <ItemGroup>
    <ClInclude Include="..\shared\lodepng.h">
      <Filter>Shared</Filter>
    </ClInclude>
    <ClInclude Include="..\shared\pathtools.h">
      <Filter>Shared</Filter>
    </ClInclude>
    <ClInclude Include="HolodeckBackground.h">
      <Filter>Header Files</Filter>
    </ClInclude>
    <ClInclude Include="ViveController.h">
      <Filter>Header Files</Filter>
    </ClInclude>
    <ClInclude Include="SonarPointCloud.h">
      <Filter>Header Files</Filter>
    </ClInclude>
    <ClInclude Include="DataVolume.h">
      <Filter>Header Files</Filter>
    </ClInclude>
    <ClInclude Include="ColorScaler.h">
      <Filter>Header Files</Filter>
    </ClInclude>
    <ClInclude Include="TrackedDevice.h">
      <Filter>Header Files</Filter>
    </ClInclude>
    <ClInclude Include="TrackedDeviceManager.h">
      <Filter>Header Files</Filter>
    </ClInclude>
    <ClInclude Include="InfoBoxManager.h">
      <Filter>Header Files</Filter>
    </ClInclude>
    <ClInclude Include="arcball.h">
      <Filter>Header Files</Filter>
    </ClInclude>
    <ClInclude Include="FlowGrid.h">
      <Filter>Header Files</Filter>
    </ClInclude>
    <ClInclude Include="IllustrativeDyePole.h">
      <Filter>Header Files</Filter>
    </ClInclude>
    <ClInclude Include="IllustrativeParticle.h">
      <Filter>Header Files</Filter>
    </ClInclude>
    <ClInclude Include="IllustrativeParticleEmitter.h">
      <Filter>Header Files</Filter>
    </ClInclude>
    <ClInclude Include="IllustrativeParticleSystem.h">
      <Filter>Header Files</Filter>
    </ClInclude>
    <ClInclude Include="ColorsAndSizes.h">
      <Filter>Header Files</Filter>
    </ClInclude>
    <ClInclude Include="LightingSystem.h">
      <Filter>Header Files</Filter>
    </ClInclude>
    <ClInclude Include="Renderer.h">
      <Filter>Header Files</Filter>
    </ClInclude>
    <ClInclude Include="FlowVolume.h">
      <Filter>Header Files</Filter>
    </ClInclude>
    <ClInclude Include="shaderset.h">
      <Filter>Header Files</Filter>
    </ClInclude>
    <ClInclude Include="GLSLpreamble.h">
      <Filter>Header Files</Filter>
    </ClInclude>
    <ClInclude Include="RenderModel.h">
      <Filter>Header Files</Filter>
    </ClInclude>
    <ClInclude Include="BehaviorManager.h">
      <Filter>Header Files</Filter>
    </ClInclude>
    <ClInclude Include="Dataset.h">
      <Filter>Header Files</Filter>
    </ClInclude>
    <ClInclude Include="SelectAreaBehavior.h">
      <Filter>Interactions &amp; Behaviors</Filter>
    </ClInclude>
    <ClInclude Include="WelcomeBehavior.h">
      <Filter>Interactions &amp; Behaviors</Filter>
    </ClInclude>
    <ClInclude Include="DemoBehavior.h">
      <Filter>Interactions &amp; Behaviors\demo</Filter>
    </ClInclude>
    <ClInclude Include="ProbeBehavior.h">
      <Filter>Interactions &amp; Behaviors\base</Filter>
    </ClInclude>
    <ClInclude Include="BehaviorBase.h">
      <Filter>Interactions &amp; Behaviors\base</Filter>
    </ClInclude>
    <ClInclude Include="FlowProbe.h">
      <Filter>Interactions &amp; Behaviors\flow</Filter>
    </ClInclude>
    <ClInclude Include="AdvectionProbe.h">
      <Filter>Interactions &amp; Behaviors\flow</Filter>
    </ClInclude>
    <ClInclude Include="PointCleanProbe.h">
      <Filter>Interactions &amp; Behaviors\point</Filter>
    </ClInclude>
    <ClInclude Include="ScaleDataVolumeBehavior.h">
      <Filter>Interactions &amp; Behaviors</Filter>
    </ClInclude>
    <ClInclude Include="TaskCompleteBehavior.h">
      <Filter>Interactions &amp; Behaviors\tutorial</Filter>
    </ClInclude>
    <ClInclude Include="GrabTutorial.h">
      <Filter>Interactions &amp; Behaviors\tutorial</Filter>
    </ClInclude>
    <ClInclude Include="ScaleTutorial.h">
      <Filter>Interactions &amp; Behaviors\tutorial</Filter>
    </ClInclude>
    <ClInclude Include="StudyTutorialBehavior.h">
      <Filter>Interactions &amp; Behaviors\study</Filter>
    </ClInclude>
    <ClInclude Include="StudyIntroBehavior.h">
      <Filter>Interactions &amp; Behaviors\study</Filter>
    </ClInclude>
    <ClInclude Include="CloudEditControllerTutorial.h">
      <Filter>Interactions &amp; Behaviors\point</Filter>
    </ClInclude>
    <ClInclude Include="StudyEditTutorial.h">
      <Filter>Interactions &amp; Behaviors\study</Filter>
    </ClInclude>
    <ClInclude Include="CurateStudyDataBehavior.h">
      <Filter>Interactions &amp; Behaviors\study</Filter>
    </ClInclude>
    <ClInclude Include="RunStudyBehavior.h">
      <Filter>Interactions &amp; Behaviors\study</Filter>
    </ClInclude>
    <ClInclude Include="DataLogger.h">
      <Filter>Header Files</Filter>
    </ClInclude>
    <ClInclude Include="SnellenTest.h">
      <Filter>Interactions &amp; Behaviors\study</Filter>
    </ClInclude>
    <ClInclude Include="StudyTrialStandingBehavior.h">
      <Filter>Interactions &amp; Behaviors\study</Filter>
    </ClInclude>
    <ClInclude Include="DesktopCleanBehavior.h">
      <Filter>Interactions &amp; Behaviors\point</Filter>
    </ClInclude>
    <ClInclude Include="StudyTrialSittingBehavior.h">
      <Filter>Interactions &amp; Behaviors\study</Filter>
    </ClInclude>
    <ClInclude Include="StudyTrialDesktopBehavior.h">
      <Filter>Interactions &amp; Behaviors\study</Filter>
    </ClInclude>
    <ClInclude Include="LassoTool.h">
      <Filter>Interactions &amp; Behaviors\point</Filter>
    </ClInclude>
    <ClInclude Include="Engine.h">
      <Filter>Header Files</Filter>
    </ClInclude>
    <ClInclude Include="utilities.h">
      <Filter>Header Files</Filter>
    </ClInclude>
    <ClInclude Include="FlowFieldCurator.h">
      <Filter>Interactions &amp; Behaviors\flow</Filter>
    </ClInclude>
    <ClInclude Include="SceneBase.h">
      <Filter>Scenes</Filter>
    </ClInclude>
    <ClInclude Include="FlowScene.h">
      <Filter>Scenes</Filter>
    </ClInclude>
    <ClInclude Include="HairyFlowProbe.h">
      <Filter>Interactions &amp; Behaviors\flow</Filter>
    </ClInclude>
    <ClInclude Include="DebugProbe.h">
      <Filter>Interactions &amp; Behaviors\debug</Filter>
    </ClInclude>
    <ClInclude Include="Object3D.h">
      <Filter>Header Files</Filter>
    </ClInclude>
    <ClInclude Include="GrabObjectBehavior.h">
      <Filter>Interactions &amp; Behaviors</Filter>
    </ClInclude>
    <ClInclude Include="SonarScene.h">
      <Filter>Scenes</Filter>
    </ClInclude>
    <ClInclude Include="VectorFieldGenerator.h">
      <Filter>Header Files</Filter>
    </ClInclude>
    <ClInclude Include="StudyTrialScene.h">
      <Filter>Scenes</Filter>
    </ClInclude>
    <ClInclude Include="PrimitivesFactory.h">
      <Filter>Header Files</Filter>
    </ClInclude>
    <ClInclude Include="MotionCompensationScene.h">
      <Filter>Scenes</Filter>
    </ClInclude>
    <ClInclude Include="StudyTrialMotionCompensation.h">
      <Filter>Interactions &amp; Behaviors\study</Filter>
    </ClInclude>
    <ClInclude Include="CosmoStudyTrialScene.h">
      <Filter>Scenes</Filter>
    </ClInclude>
    <ClInclude Include="CosmoVolume.h">
      <Filter>Header Files</Filter>
    </ClInclude>
    <ClInclude Include="CosmoGrid.h">
      <Filter>Header Files</Filter>
    </ClInclude>
    <ClInclude Include="FishTankScene.h">
      <Filter>Scenes</Filter>
    </ClInclude>
    <ClInclude Include="FishTankSonarScene.h">
      <Filter>Scenes</Filter>
    </ClInclude>
    <ClInclude Include="HairySlice.h">
      <Filter>Interactions &amp; Behaviors\flow</Filter>
    </ClInclude>
    <ClInclude Include="HairySlicesStudyScene.h">
      <Filter>Scenes</Filter>
    </ClInclude>
    <ClInclude Include="HairyVolume.h">
      <Filter>Interactions &amp; Behaviors\flow</Filter>
    </ClInclude>
  </ItemGroup>
  <ItemGroup>
    <None Include="resources\shaders\desktopwindow.vert">
      <Filter>Shaders</Filter>
    </None>
    <None Include="resources\shaders\flat.frag">
      <Filter>Shaders</Filter>
    </None>
    <None Include="resources\shaders\flat.vert">
      <Filter>Shaders</Filter>
    </None>
    <None Include="resources\shaders\lighting.frag">
      <Filter>Shaders</Filter>
    </None>
    <None Include="resources\shaders\lighting.vert">
      <Filter>Shaders</Filter>
    </None>
    <None Include="resources\shaders\lightingWF.frag">
      <Filter>Shaders</Filter>
    </None>
    <None Include="resources\shaders\lightingWF.geom">
      <Filter>Shaders</Filter>
    </None>
    <None Include="resources\shaders\skybox.frag">
      <Filter>Shaders</Filter>
    </None>
    <None Include="resources\shaders\skybox.vert">
      <Filter>Shaders</Filter>
    </None>
    <None Include="resources\shaders\text.frag">
      <Filter>Shaders</Filter>
    </None>
    <None Include="resources\shaders\text.vert">
      <Filter>Shaders</Filter>
    </None>
    <None Include="resources\shaders\vrwindow.vert">
      <Filter>Shaders</Filter>
    </None>
    <None Include="resources\shaders\windowtexture.frag">
      <Filter>Shaders</Filter>
    </None>
    <None Include="resources\shaders\instanced.frag">
      <Filter>Shaders</Filter>
    </None>
    <None Include="resources\shaders\instanced.vert">
      <Filter>Shaders</Filter>
    </None>
    <None Include="resources\shaders\streamline.frag">
      <Filter>Shaders</Filter>
    </None>
    <None Include="resources\shaders\streamline.vert">
      <Filter>Shaders</Filter>
    </None>
    <None Include="resources\shaders\cosmo.frag">
      <Filter>Shaders</Filter>
    </None>
    <None Include="resources\shaders\cosmo.vert">
      <Filter>Shaders</Filter>
    </None>
    <None Include="resources\shaders\streamline_ring_animated.frag">
      <Filter>Shaders</Filter>
    </None>
    <None Include="resources\shaders\streamline_ring_static.frag">
      <Filter>Shaders</Filter>
    </None>
    <None Include="resources\shaders\streamline_gradient_animated.frag">
      <Filter>Shaders</Filter>
    </None>
    <None Include="resources\shaders\streamline_gradient_static.frag">
      <Filter>Shaders</Filter>
    </None>
    <None Include="resources\shaders\grid.frag">
      <Filter>Shaders</Filter>
    </None>
    <None Include="resources\shaders\grid.vert">
      <Filter>Shaders</Filter>
    </None>
  </ItemGroup>
</Project>