<?xml version="1.0" encoding="utf-8"?>
<Project ToolsVersion="4.0" xmlns="http://schemas.microsoft.com/developer/msbuild/2003">
  <ItemGroup>
    <Filter Include="Source Files">
      <UniqueIdentifier>{4FC737F1-C7A5-4376-A066-2A32D752A2FF}</UniqueIdentifier>
      <Extensions>cpp;c;cc;cxx;def;odl;idl;hpj;bat;asm;asmx</Extensions>
    </Filter>
    <Filter Include="Header Files">
      <UniqueIdentifier>{93995380-89BD-4b04-88EB-625FBE52EBFB}</UniqueIdentifier>
      <Extensions>h;hpp;hxx;hm;inl;inc;xsd</Extensions>
    </Filter>
    <Filter Include="Resource Files">
      <UniqueIdentifier>{67DA6AB6-F800-4c08-8B7A-83BB121AAD01}</UniqueIdentifier>
      <Extensions>rc;ico;cur;bmp;dlg;rc2;rct;bin;rgs;gif;jpg;jpeg;jpe;resx;tiff;tif;png;wav;mfcribbon-ms</Extensions>
    </Filter>
    <Filter Include="Link Libraries">
      <UniqueIdentifier>{23064a78-3bcb-49ae-8c90-ed419518885d}</UniqueIdentifier>
    </Filter>
    <Filter Include="Shared">
      <UniqueIdentifier>{8cca1fa3-575c-4e0f-acae-7d4d800be358}</UniqueIdentifier>
    </Filter>
  </ItemGroup>
  <ItemGroup>
    <ClCompile Include="..\shared\lodepng.cpp">
      <Filter>Shared</Filter>
    </ClCompile>
    <ClCompile Include="..\shared\pathtools.cpp">
      <Filter>Shared</Filter>
    </ClCompile>
    <ClCompile Include="CGLRenderModel.cpp">
      <Filter>Source Files</Filter>
    </ClCompile>
    <ClCompile Include="CleaningRoom.cpp">
      <Filter>Source Files</Filter>
    </ClCompile>
    <ClCompile Include="CMainApplication.cpp">
      <Filter>Source Files</Filter>
    </ClCompile>
    <ClCompile Include="HolodeckBackground.cpp">
      <Filter>Source Files</Filter>
    </ClCompile>
    <ClCompile Include="ViveController.cpp">
      <Filter>Source Files</Filter>
    </ClCompile>
    <ClCompile Include="SonarPointCloud.cpp">
      <Filter>Source Files</Filter>
    </ClCompile>
    <ClCompile Include="DataVolume.cpp">
      <Filter>Source Files</Filter>
    </ClCompile>
    <ClCompile Include="ColorScaler.cpp">
      <Filter>Source Files</Filter>
    </ClCompile>
    <ClCompile Include="CloudCollection.cpp">
      <Filter>Source Files</Filter>
    </ClCompile>
    <ClCompile Include="TrackedDevice.cpp">
      <Filter>Source Files</Filter>
    </ClCompile>
    <ClCompile Include="TrackedDeviceManager.cpp">
      <Filter>Source Files</Filter>
    </ClCompile>
    <ClCompile Include="Icosphere.cpp">
      <Filter>Source Files</Filter>
    </ClCompile>
    <ClCompile Include="InfoBoxManager.cpp">
      <Filter>Source Files</Filter>
    </ClCompile>
    <ClCompile Include="LassoWindow.cpp">
      <Filter>Source Files</Filter>
    </ClCompile>
    <ClCompile Include="arcball.cpp">
      <Filter>Source Files</Filter>
    </ClCompile>
    <ClCompile Include="FlowRoom.cpp">
      <Filter>Source Files</Filter>
    </ClCompile>
    <ClCompile Include="FlowGrid.cpp">
      <Filter>Source Files</Filter>
    </ClCompile>
    <ClCompile Include="IllustrativeDyePole.cpp">
      <Filter>Source Files</Filter>
    </ClCompile>
    <ClCompile Include="IllustrativeParticle.cpp">
      <Filter>Source Files</Filter>
    </ClCompile>
    <ClCompile Include="IllustrativeParticleEmitter.cpp">
      <Filter>Source Files</Filter>
    </ClCompile>
    <ClCompile Include="IllustrativeParticleSystem.cpp">
      <Filter>Source Files</Filter>
    </ClCompile>
    <ClCompile Include="CoordinateScaler.cpp">
      <Filter>Source Files</Filter>
    </ClCompile>
    <ClCompile Include="LassoTool.cpp">
      <Filter>Source Files</Filter>
    </ClCompile>
    <ClCompile Include="ParticleManager.cpp">
      <Filter>Source Files</Filter>
    </ClCompile>
    <ClCompile Include="ParticleSystem.cpp">
      <Filter>Source Files</Filter>
    </ClCompile>
    <ClCompile Include="StreakletSystem.cpp">
      <Filter>Source Files</Filter>
    </ClCompile>
    <ClCompile Include="LightingSystem.cpp">
      <Filter>Source Files</Filter>
    </ClCompile>
    <ClCompile Include="Renderer.cpp">
      <Filter>Source Files</Filter>
    </ClCompile>
    <ClCompile Include="ManipulateDataVolumeBehavior.cpp">
      <Filter>Source Files</Filter>
    </ClCompile>
    <ClCompile Include="DualControllerBehavior.cpp">
      <Filter>Source Files</Filter>
    </ClCompile>
    <ClCompile Include="SingleControllerBehavior.cpp">
      <Filter>Source Files</Filter>
    </ClCompile>
    <ClCompile Include="ProbeBehavior.cpp">
      <Filter>Source Files</Filter>
    </ClCompile>
    <ClCompile Include="FlowProbe.cpp">
      <Filter>Source Files</Filter>
    </ClCompile>
    <ClCompile Include="Node.cpp">
      <Filter>Source Files</Filter>
    </ClCompile>
    <ClCompile Include="main.cpp">
      <Filter>Source Files</Filter>
    </ClCompile>
  </ItemGroup>
  <ItemGroup>
    <ClInclude Include="..\shared\lodepng.h">
      <Filter>Shared</Filter>
    </ClInclude>
    <ClInclude Include="..\shared\pathtools.h">
      <Filter>Shared</Filter>
    </ClInclude>
    <ClInclude Include="CGLRenderModel.h">
      <Filter>Header Files</Filter>
    </ClInclude>
    <ClInclude Include="CleaningRoom.h">
      <Filter>Header Files</Filter>
    </ClInclude>
    <ClInclude Include="CMainApplication.h">
      <Filter>Header Files</Filter>
    </ClInclude>
    <ClInclude Include="HolodeckBackground.h">
      <Filter>Header Files</Filter>
    </ClInclude>
    <ClInclude Include="ViveController.h">
      <Filter>Header Files</Filter>
    </ClInclude>
    <ClInclude Include="SonarPointCloud.h">
      <Filter>Header Files</Filter>
    </ClInclude>
    <ClInclude Include="DataVolume.h">
      <Filter>Header Files</Filter>
    </ClInclude>
    <ClInclude Include="ColorScaler.h">
      <Filter>Header Files</Filter>
    </ClInclude>
    <ClInclude Include="CloudCollection.h">
      <Filter>Header Files</Filter>
    </ClInclude>
    <ClInclude Include="TrackedDevice.h">
      <Filter>Header Files</Filter>
    </ClInclude>
    <ClInclude Include="TrackedDeviceManager.h">
      <Filter>Header Files</Filter>
    </ClInclude>
    <ClInclude Include="ShaderUtils.h">
      <Filter>Header Files</Filter>
    </ClInclude>
    <ClInclude Include="Icosphere.h">
      <Filter>Header Files</Filter>
    </ClInclude>
    <ClInclude Include="DebugDrawer.h">
      <Filter>Header Files</Filter>
    </ClInclude>
    <ClInclude Include="..\shared\Texture.h">
      <Filter>Shared</Filter>
    </ClInclude>
    <ClInclude Include="InfoBoxManager.h">
      <Filter>Header Files</Filter>
    </ClInclude>
    <ClInclude Include="LassoWindow.h">
      <Filter>Header Files</Filter>
    </ClInclude>
    <ClInclude Include="arcball.h">
      <Filter>Header Files</Filter>
    </ClInclude>
    <ClInclude Include="FlowRoom.h">
      <Filter>Header Files</Filter>
    </ClInclude>
    <ClInclude Include="FlowGrid.h">
      <Filter>Header Files</Filter>
    </ClInclude>
    <ClInclude Include="IllustrativeDyePole.h">
      <Filter>Header Files</Filter>
    </ClInclude>
    <ClInclude Include="IllustrativeParticle.h">
      <Filter>Header Files</Filter>
    </ClInclude>
    <ClInclude Include="IllustrativeParticleEmitter.h">
      <Filter>Header Files</Filter>
    </ClInclude>
    <ClInclude Include="IllustrativeParticleSystem.h">
      <Filter>Header Files</Filter>
    </ClInclude>
    <ClInclude Include="CoordinateScaler.h">
      <Filter>Header Files</Filter>
    </ClInclude>
    <ClInclude Include="ColorsAndSizes.h">
      <Filter>Header Files</Filter>
    </ClInclude>
    <ClInclude Include="LassoTool.h">
      <Filter>Header Files</Filter>
    </ClInclude>
    <ClInclude Include="BroadcastSystem.h">
      <Filter>Header Files</Filter>
    </ClInclude>
    <ClInclude Include="ParticleManager.h">
      <Filter>Header Files</Filter>
    </ClInclude>
    <ClInclude Include="ParticleSystem.h">
      <Filter>Header Files</Filter>
    </ClInclude>
    <ClInclude Include="StreakletSystem.h">
      <Filter>Header Files</Filter>
    </ClInclude>
    <ClInclude Include="LightingSystem.h">
      <Filter>Header Files</Filter>
    </ClInclude>
    <ClInclude Include="Renderer.h">
      <Filter>Header Files</Filter>
    </ClInclude>
    <ClInclude Include="BehaviorBase.h">
      <Filter>Header Files</Filter>
    </ClInclude>
    <ClInclude Include="ManipulateDataVolumeBehavior.h">
      <Filter>Header Files</Filter>
    </ClInclude>
    <ClInclude Include="DualControllerBehavior.h">
      <Filter>Header Files</Filter>
    </ClInclude>
    <ClInclude Include="SingleControllerBehavior.h">
      <Filter>Header Files</Filter>
    </ClInclude>
    <ClInclude Include="ProbeBehavior.h">
      <Filter>Header Files</Filter>
    </ClInclude>
    <ClInclude Include="FlowProbe.h">
      <Filter>Header Files</Filter>
    </ClInclude>
    <ClInclude Include="Node.h">
      <Filter>Header Files</Filter>
    </ClInclude>
  </ItemGroup>
</Project>